{
  "version": 4,
  "terraform_version": "1.9.6",
  "serial": 137,
  "lineage": "016fc11d-36aa-0a34-cc92-a33adee39500",
  "outputs": {},
  "resources": [
    {
      "module": "module.ecr",
      "mode": "managed",
      "type": "aws_ecr_repository",
      "name": "webapp_repo",
      "provider": "provider[\"registry.terraform.io/hashicorp/aws\"]",
      "instances": [
        {
          "schema_version": 0,
          "attributes": {
            "arn": "arn:aws:ecr:us-west-2:571600860285:repository/task-manager-app",
            "encryption_configuration": [
              {
                "encryption_type": "AES256",
                "kms_key": ""
              }
            ],
            "force_delete": null,
            "id": "task-manager-app",
            "image_scanning_configuration": [
              {
                "scan_on_push": true
              }
            ],
            "image_tag_mutability": "MUTABLE",
            "name": "task-manager-app",
            "registry_id": "571600860285",
            "repository_url": "571600860285.dkr.ecr.us-west-2.amazonaws.com/task-manager-app",
            "tags": {},
            "tags_all": {},
            "timeouts": null
          },
          "sensitive_attributes": [],
          "private": "eyJlMmJmYjczMC1lY2FhLTExZTYtOGY4OC0zNDM2M2JjN2M0YzAiOnsiZGVsZXRlIjoxMjAwMDAwMDAwMDAwfX0="
        }
      ]
    },
    {
      "module": "module.ecs",
      "mode": "data",
      "type": "aws_ssm_parameter",
      "name": "ecs_ami",
      "provider": "provider[\"registry.terraform.io/hashicorp/aws\"]",
      "instances": [
        {
          "schema_version": 0,
          "attributes": {
            "arn": "arn:aws:ssm:us-west-2::parameter/aws/service/ecs/optimized-ami/amazon-linux-2/recommended/image_id",
            "id": "/aws/service/ecs/optimized-ami/amazon-linux-2/recommended/image_id",
            "insecure_value": "ami-0375a27121a08b597",
            "name": "/aws/service/ecs/optimized-ami/amazon-linux-2/recommended/image_id",
            "type": "String",
            "value": "ami-0375a27121a08b597",
            "version": 168,
            "with_decryption": true
          },
          "sensitive_attributes": [
            [
              {
                "type": "get_attr",
                "value": "value"
              }
            ]
          ]
        }
      ]
    },
    {
      "module": "module.ecs",
      "mode": "managed",
      "type": "aws_ecs_cluster",
      "name": "webapp_cluster",
      "provider": "provider[\"registry.terraform.io/hashicorp/aws\"]",
      "instances": [
        {
          "schema_version": 0,
          "attributes": {
            "arn": "arn:aws:ecs:us-west-2:571600860285:cluster/webapp-cluster",
            "configuration": [],
            "id": "arn:aws:ecs:us-west-2:571600860285:cluster/webapp-cluster",
            "name": "webapp-cluster",
            "service_connect_defaults": [],
            "setting": [
              {
                "name": "containerInsights",
                "value": "disabled"
              }
            ],
            "tags": {},
            "tags_all": {}
          },
          "sensitive_attributes": [],
          "private": "bnVsbA=="
        }
      ]
    },
    {
      "module": "module.ecs",
      "mode": "managed",
      "type": "aws_ecs_service",
      "name": "my_service",
      "provider": "provider[\"registry.terraform.io/hashicorp/aws\"]",
      "instances": [
        {
          "schema_version": 1,
          "attributes": {
            "alarms": [],
            "capacity_provider_strategy": [],
            "cluster": "arn:aws:ecs:us-west-2:571600860285:cluster/webapp-cluster",
            "deployment_circuit_breaker": [
              {
                "enable": false,
                "rollback": false
              }
            ],
            "deployment_controller": [
              {
                "type": "ECS"
              }
            ],
            "deployment_maximum_percent": 200,
            "deployment_minimum_healthy_percent": 100,
            "desired_count": 1,
            "enable_ecs_managed_tags": false,
            "enable_execute_command": false,
            "force_delete": null,
            "force_new_deployment": null,
            "health_check_grace_period_seconds": 0,
            "iam_role": "/aws-service-role/ecs.amazonaws.com/AWSServiceRoleForECS",
            "id": "arn:aws:ecs:us-west-2:571600860285:service/webapp-cluster/my_service1",
            "launch_type": "FARGATE",
            "load_balancer": [],
            "name": "my_service1",
            "network_configuration": [
              {
                "assign_public_ip": true,
                "security_groups": [
                  "sg-025dd7b92aa1a6e60"
                ],
                "subnets": [
                  "subnet-0eee89ab290116e21",
                  "subnet-0f07e5d5152b0d81d"
                ]
              }
            ],
            "ordered_placement_strategy": [],
            "placement_constraints": [],
            "platform_version": "LATEST",
            "propagate_tags": "NONE",
            "scheduling_strategy": "REPLICA",
            "service_connect_configuration": [],
            "service_registries": [],
            "tags": null,
            "tags_all": {},
            "task_definition": "arn:aws:ecs:us-west-2:571600860285:task-definition/task-manager-app:8",
            "timeouts": null,
            "triggers": {},
            "volume_configuration": [],
            "wait_for_steady_state": false
          },
          "sensitive_attributes": [],
          "private": "eyJlMmJmYjczMC1lY2FhLTExZTYtOGY4OC0zNDM2M2JjN2M0YzAiOnsiY3JlYXRlIjoxMjAwMDAwMDAwMDAwLCJkZWxldGUiOjEyMDAwMDAwMDAwMDAsInVwZGF0ZSI6MTIwMDAwMDAwMDAwMH0sInNjaGVtYV92ZXJzaW9uIjoiMSJ9",
          "dependencies": [
            "module.ecr.aws_ecr_repository.webapp_repo",
            "module.ecs.aws_ecs_cluster.webapp_cluster",
            "module.ecs.aws_ecs_task_definition.app",
            "module.ecs.aws_iam_role.ecs_task_execution_role"
          ]
        }
      ]
    },
    {
      "module": "module.ecs",
      "mode": "managed",
      "type": "aws_ecs_task_definition",
      "name": "app",
      "provider": "provider[\"registry.terraform.io/hashicorp/aws\"]",
      "instances": [
        {
          "schema_version": 1,
          "attributes": {
            "arn": "arn:aws:ecs:us-west-2:571600860285:task-definition/task-manager-app:8",
            "arn_without_revision": "arn:aws:ecs:us-west-2:571600860285:task-definition/task-manager-app",
            "container_definitions": "[{\"cpu\":1024,\"environment\":[],\"essential\":true,\"image\":\"571600860285.dkr.ecr.us-west-2.amazonaws.com/task-manager-app\",\"memory\":3072,\"mountPoints\":[],\"name\":\"app\",\"portMappings\":[{\"containerPort\":3000,\"hostPort\":3000,\"protocol\":\"tcp\"}],\"systemControls\":[],\"volumesFrom\":[]}]",
            "cpu": "1024",
            "ephemeral_storage": [],
            "execution_role_arn": "arn:aws:iam::571600860285:role/ecsTaskExecutionRole",
            "family": "task-manager-app",
            "id": "task-manager-app",
            "inference_accelerator": [],
            "ipc_mode": "",
            "memory": "3072",
            "network_mode": "awsvpc",
            "pid_mode": "",
            "placement_constraints": [],
            "proxy_configuration": [],
            "requires_compatibilities": [
              "FARGATE"
            ],
            "revision": 8,
            "runtime_platform": [],
            "skip_destroy": false,
            "tags": {},
            "tags_all": {},
            "task_role_arn": "",
            "track_latest": false,
            "volume": []
          },
          "sensitive_attributes": [],
          "private": "eyJzY2hlbWFfdmVyc2lvbiI6IjEifQ==",
          "dependencies": [
            "module.ecr.aws_ecr_repository.webapp_repo",
            "module.ecs.aws_iam_role.ecs_task_execution_role"
          ]
        }
      ]
    },
    {
      "module": "module.ecs",
      "mode": "managed",
      "type": "aws_iam_policy_attachment",
      "name": "ecs_task_execution_policy",
      "provider": "provider[\"registry.terraform.io/hashicorp/aws\"]",
      "instances": [
        {
          "schema_version": 0,
          "attributes": {
            "groups": [],
            "id": "ecsTaskExecutionPolicyAttachment",
            "name": "ecsTaskExecutionPolicyAttachment",
            "policy_arn": "arn:aws:iam::aws:policy/service-role/AmazonECSTaskExecutionRolePolicy",
            "roles": [
              "ecsTaskExecutionRole"
            ],
            "users": []
          },
          "sensitive_attributes": [],
          "private": "bnVsbA==",
          "dependencies": [
            "module.ecs.aws_iam_role.ecs_task_execution_role"
          ]
        }
      ]
    },
    {
      "module": "module.ecs",
      "mode": "managed",
      "type": "aws_iam_role",
      "name": "ecs_task_execution_role",
      "provider": "provider[\"registry.terraform.io/hashicorp/aws\"]",
      "instances": [
        {
          "schema_version": 0,
          "attributes": {
            "arn": "arn:aws:iam::571600860285:role/ecsTaskExecutionRole",
            "assume_role_policy": "{\"Statement\":[{\"Action\":\"sts:AssumeRole\",\"Effect\":\"Allow\",\"Principal\":{\"Service\":\"ecs-tasks.amazonaws.com\"}}],\"Version\":\"2012-10-17\"}",
            "create_date": "2024-10-28T13:57:05Z",
            "description": "",
            "force_detach_policies": false,
            "id": "ecsTaskExecutionRole",
            "inline_policy": [],
            "managed_policy_arns": [
              "arn:aws:iam::aws:policy/service-role/AmazonECSTaskExecutionRolePolicy"
            ],
            "max_session_duration": 3600,
            "name": "ecsTaskExecutionRole",
            "name_prefix": "",
            "path": "/",
            "permissions_boundary": "",
            "tags": {},
            "tags_all": {},
            "unique_id": "AROAYKFQQ6R6S5V7TPVQS"
          },
          "sensitive_attributes": [],
          "private": "bnVsbA=="
        }
      ]
    },
    {
      "module": "module.ecs",
      "mode": "managed",
      "type": "aws_instance",
      "name": "ecs_instance",
      "provider": "provider[\"registry.terraform.io/hashicorp/aws\"]",
      "instances": [
        {
          "schema_version": 1,
          "attributes": {
            "ami": "ami-0375a27121a08b597",
            "arn": "arn:aws:ec2:us-west-2:571600860285:instance/i-020c76415fef6ed54",
            "associate_public_ip_address": true,
            "availability_zone": "us-west-2c",
            "capacity_reservation_specification": [
              {
                "capacity_reservation_preference": "open",
                "capacity_reservation_target": []
              }
            ],
            "cpu_core_count": 1,
            "cpu_options": [
              {
                "amd_sev_snp": "",
                "core_count": 1,
                "threads_per_core": 1
              }
            ],
            "cpu_threads_per_core": 1,
            "credit_specification": [
              {
                "cpu_credits": "standard"
              }
            ],
            "disable_api_stop": false,
            "disable_api_termination": false,
            "ebs_block_device": [],
            "ebs_optimized": false,
            "enclave_options": [
              {
                "enabled": false
              }
            ],
            "ephemeral_block_device": [],
            "get_password_data": false,
            "hibernation": false,
            "host_id": "",
            "host_resource_group_arn": null,
            "iam_instance_profile": "",
            "id": "i-020c76415fef6ed54",
            "instance_initiated_shutdown_behavior": "stop",
            "instance_lifecycle": "",
            "instance_market_options": [],
            "instance_state": "running",
            "instance_type": "t2.micro",
            "ipv6_address_count": 0,
            "ipv6_addresses": [],
            "key_name": "tfkey",
            "launch_template": [],
            "maintenance_options": [
              {
                "auto_recovery": "default"
              }
            ],
            "metadata_options": [
              {
                "http_endpoint": "enabled",
                "http_protocol_ipv6": "disabled",
                "http_put_response_hop_limit": 1,
                "http_tokens": "optional",
                "instance_metadata_tags": "disabled"
              }
            ],
            "monitoring": false,
            "network_interface": [],
            "outpost_arn": "",
            "password_data": "",
            "placement_group": "",
            "placement_partition_number": 0,
            "primary_network_interface_id": "eni-0a5fce4cac41f71cd",
            "private_dns": "ip-172-31-7-62.us-west-2.compute.internal",
            "private_dns_name_options": [
              {
                "enable_resource_name_dns_a_record": false,
                "enable_resource_name_dns_aaaa_record": false,
                "hostname_type": "ip-name"
              }
            ],
            "private_ip": "172.31.7.62",
            "public_dns": "ec2-54-200-54-203.us-west-2.compute.amazonaws.com",
            "public_ip": "54.200.54.203",
            "root_block_device": [
              {
                "delete_on_termination": true,
                "device_name": "/dev/xvda",
                "encrypted": false,
                "iops": 100,
                "kms_key_id": "",
                "tags": {},
                "tags_all": {},
                "throughput": 0,
                "volume_id": "vol-05a6a3207a2a584a5",
                "volume_size": 30,
                "volume_type": "gp2"
              }
            ],
            "secondary_private_ips": [],
            "security_groups": [
              "default"
            ],
            "source_dest_check": true,
            "spot_instance_request_id": "",
            "subnet_id": "subnet-08e03ce6ec9a08fa2",
            "tags": {
              "Name": "ecs-instance"
            },
            "tags_all": {
              "Name": "ecs-instance"
            },
            "tenancy": "default",
            "timeouts": null,
            "user_data": null,
            "user_data_base64": null,
            "user_data_replace_on_change": false,
            "volume_tags": null,
            "vpc_security_group_ids": [
              "sg-025dd7b92aa1a6e60"
            ]
          },
          "sensitive_attributes": [
            [
              {
                "type": "get_attr",
                "value": "ami"
              }
            ]
          ],
          "private": "eyJlMmJmYjczMC1lY2FhLTExZTYtOGY4OC0zNDM2M2JjN2M0YzAiOnsiY3JlYXRlIjo2MDAwMDAwMDAwMDAsImRlbGV0ZSI6MTIwMDAwMDAwMDAwMCwicmVhZCI6OTAwMDAwMDAwMDAwLCJ1cGRhdGUiOjYwMDAwMDAwMDAwMH0sInNjaGVtYV92ZXJzaW9uIjoiMSJ9",
          "dependencies": [
            "module.ecs.aws_key_pair.example_keypair",
            "module.ecs.data.aws_ssm_parameter.ecs_ami",
            "module.ecs.tls_private_key.example"
          ]
        }
      ]
    },
    {
      "module": "module.ecs",
      "mode": "managed",
      "type": "aws_key_pair",
      "name": "example_keypair",
      "provider": "provider[\"registry.terraform.io/hashicorp/aws\"]",
      "instances": [
        {
          "schema_version": 1,
          "attributes": {
            "arn": "arn:aws:ec2:us-west-2:571600860285:key-pair/tfkey",
            "fingerprint": "93:6f:ae:99:24:50:cd:b3:26:b8:e7:6c:a0:51:64:0e",
            "id": "tfkey",
            "key_name": "tfkey",
            "key_name_prefix": "",
            "key_pair_id": "key-09d0fea33895c78bb",
            "key_type": "rsa",
            "public_key": "ssh-rsa AAAAB3NzaC1yc2EAAAADAQABAAABAQDOk6v4ZmlewcBsPa44tQ2zVkAPnTKZeI+p+Rsz8x5NMgKlmZz/Eo4HcKhL0qz2At5EQEl15P46f3lIkyoe7HiSCysTF8/n8K7JuyRrP+AW7AaGv43WNGeNO+9YzzfdSmQ/yv+EHWrftZu7IWwWHqGjIXl4NaP0puu8EU3M/o8kwSTNFrqCkisxkvK2qtiULiDKTWcileGb85olTYF/cxqwxqaCHWtKnJt7kCdiCFXx/uRIGl4Jte7sJ9N40YUiw8pzd3AXu3T7UDseKSsFFMlzcJCdADeodyo6DMRRMKfZVAN3abgP6REs1U+UJgq7dGdfGfxUiqErddic3YnbzV1p",
            "tags": {},
            "tags_all": {}
          },
          "sensitive_attributes": [],
          "private": "eyJzY2hlbWFfdmVyc2lvbiI6IjEifQ==",
          "dependencies": [
            "module.ecs.tls_private_key.example"
          ]
        }
      ]
    },
    {
      "module": "module.ecs",
      "mode": "managed",
      "type": "local_file",
      "name": "tf_key",
      "provider": "provider[\"registry.terraform.io/hashicorp/local\"]",
      "instances": [
        {
          "schema_version": 0,
          "attributes": {
            "content": "-----BEGIN RSA PRIVATE KEY-----\nMIIEpAIBAAKCAQEAzpOr+GZpXsHAbD2uOLUNs1ZAD50ymXiPqfkbM/MeTTICpZmc\n/xKOB3CoS9Ks9gLeREBJdeT+On95SJMqHux4kgsrExfP5/Cuybskaz/gFuwGhr+N\n1jRnjTvvWM833UpkP8r/hB1q37WbuyFsFh6hoyF5eDWj9KbrvBFNzP6PJMEkzRa6\ngpIrMZLytqrYlC4gyk1nIpXhm/OaJU2Bf3MasMamgh1rSpybe5AnYghV8f7kSBpe\nCbXu7CfTeNGFIsPKc3dwF7t0+1A7HikrBRTJc3CQnQA3qHcqOgzEUTCn2VQDd2m4\nD+kRLNVPlCYKu3RnXxn8VIqhK3XYnN2J281daQIDAQABAoIBACpDTAul6CjauuNq\nOxqe8A6gtrp7Dr8XS00bCdW3B5wDf0ciBlypDyW2hrf8giZSr+aGwIC+OMT/D3Ep\nqpRpDMHURxvA42gwdZIQF4NZrh8CatNmnT4VupnKiU1CF8vOTHRAs8XzvsnF/fZr\nABIGcktNrexKDSEghVoUsDYgXmjGPPQzRaDauUkCWunOmPUozjJEDTY81RnSAgUr\n9fTzYbRoGzOs9K9Uj1J9zv/NXLJbizuxLc/eoBF4R3+eUnZe/X+w40vBGGDW9MZa\nDY4EnuA2z5rtQ3O0uBNUNm1kiIzhZRW3kJQgty37Qz0oEIDwwuGqkzU5vJJjJE4R\nLDMMkAECgYEA75Yl0DvHLUT5DlVIsqW4MYNhKmu6aOLAguR8ZJT7iIEobpkiLuON\nI6RelnYPL7rTjGPICPu6H8p2/0TWuULUfFQTNF2Zo1Tm4anNC/NsSi4IheilWuMu\ncOPSz1KhTT8P6B4lh0DUHiyfOZQAZb0fmT61BY68JTY04g1c5gaJUlkCgYEA3Lqa\nRiZng6hBOa9oNIXzHwcIWiZ5f59nGnn7XQ0dUxtEt69kxo38jbOBk2lLFlXdy4i+\nS0JKUi9HQ45LGa9VkfdnOy4iWdx+7pWuOS/cLyP/35jrsfvPhnjRSxyYGYGjE5Nf\nkIJhGwt3vioWuF9z5GGDHUSkmQ2yyGiZzLAiYZECgYEAt7vq5cViGtphMVe/95jV\nJ8t8MX8KJrN2NSsqJiyGtYlvS1nOeCzzqRi9nR+Ox+i7oVdIKXN6qjSni13sWYjh\n0TLcw3TghPxwTzDb2cVlD4I78Q2X+ZptnA9rNKlGoCmzdivgVdgmk7leplZU87DU\n0b3gLxHmQZdPeOgMjS8IEokCgYEA2X7hv1feTgO/6ZhmhMKskpk6aKJavB+U16j0\nv3bJu3c2Gg0wrtl/zxzfBCMPgv2vI/wlDkFOvHarsOyIIdH77m2rAcxuur8jL/K7\njswTGTxOx8OGE4X9shJgoLOXSCLOTt67nshp6N0+61nLs3cS2iofqPpXehzeWs1/\nJwszhZECgYBPot7+YIVyXPZCXn2/QXglUQK0akm8fj3n+tGJcV2Nasm/JY14IeF0\nM6FMcJ97O+qryPpUWJviAfjNJwh4SYAmdiUfBo2KpW6KTWqqNGIUaQ6WUhE3OeJv\nW3JajhsZV2nrhdprjP0j4xvFBVB+Ghn5hOVwlfJQ0yksvwM7u3YoCA==\n-----END RSA PRIVATE KEY-----\n",
            "content_base64": null,
            "content_base64sha256": "P4xCsQiN4fHMKc2vN9ukY6HFPlUS/vbgEJOyJ6LUqAY=",
            "content_base64sha512": "Cbgt4KPhZ0BOA9ACig+Md22kHMXazzkA4rQDhMjX8gBIFbfjMn9aS2x0g4P4T+0qWmU6ZsgLw23zvkP4/nQ2mQ==",
            "content_md5": "a2c2ba4835992de97aa266197f619f06",
            "content_sha1": "4540f5f31fa96961f9d7a49d34f3e1e5ab432e23",
            "content_sha256": "3f8c42b1088de1f1cc29cdaf37dba463a1c53e5512fef6e01093b227a2d4a806",
            "content_sha512": "09b82de0a3e167404e03d0028a0f8c776da41cc5dacf3900e2b40384c8d7f2004815b7e3327f5a4b6c748383f84fed2a5a653a66c80bc36df3be43f8fe743699",
            "directory_permission": "0777",
            "file_permission": "0777",
            "filename": "tfkey",
            "id": "4540f5f31fa96961f9d7a49d34f3e1e5ab432e23",
            "sensitive_content": null,
            "source": null
          },
          "sensitive_attributes": [
            [
              {
                "type": "get_attr",
                "value": "sensitive_content"
              }
            ],
            [
              {
                "type": "get_attr",
                "value": "content"
              }
            ]
          ],
          "dependencies": [
            "module.ecs.tls_private_key.example"
          ]
        }
      ]
    },
    {
      "module": "module.ecs",
      "mode": "managed",
      "type": "tls_private_key",
      "name": "example",
      "provider": "provider[\"registry.terraform.io/hashicorp/tls\"]",
      "instances": [
        {
          "schema_version": 1,
          "attributes": {
            "algorithm": "RSA",
            "ecdsa_curve": "P224",
            "id": "398e56447931d1e615bcc8a1b3dc8a2ee26d698e",
            "private_key_openssh": "-----BEGIN OPENSSH PRIVATE KEY-----\nb3BlbnNzaC1rZXktdjEAAAAABG5vbmUAAAAEbm9uZQAAAAAAAAABAAABFwAAAAdz\nc2gtcnNhAAAAAwEAAQAAAQEAzpOr+GZpXsHAbD2uOLUNs1ZAD50ymXiPqfkbM/Me\nTTICpZmc/xKOB3CoS9Ks9gLeREBJdeT+On95SJMqHux4kgsrExfP5/Cuybskaz/g\nFuwGhr+N1jRnjTvvWM833UpkP8r/hB1q37WbuyFsFh6hoyF5eDWj9KbrvBFNzP6P\nJMEkzRa6gpIrMZLytqrYlC4gyk1nIpXhm/OaJU2Bf3MasMamgh1rSpybe5AnYghV\n8f7kSBpeCbXu7CfTeNGFIsPKc3dwF7t0+1A7HikrBRTJc3CQnQA3qHcqOgzEUTCn\n2VQDd2m4D+kRLNVPlCYKu3RnXxn8VIqhK3XYnN2J281daQAAA7j/L+uO/y/rjgAA\nAAdzc2gtcnNhAAABAQDOk6v4ZmlewcBsPa44tQ2zVkAPnTKZeI+p+Rsz8x5NMgKl\nmZz/Eo4HcKhL0qz2At5EQEl15P46f3lIkyoe7HiSCysTF8/n8K7JuyRrP+AW7AaG\nv43WNGeNO+9YzzfdSmQ/yv+EHWrftZu7IWwWHqGjIXl4NaP0puu8EU3M/o8kwSTN\nFrqCkisxkvK2qtiULiDKTWcileGb85olTYF/cxqwxqaCHWtKnJt7kCdiCFXx/uRI\nGl4Jte7sJ9N40YUiw8pzd3AXu3T7UDseKSsFFMlzcJCdADeodyo6DMRRMKfZVAN3\nabgP6REs1U+UJgq7dGdfGfxUiqErddic3YnbzV1pAAAAAwEAAQAAAQAqQ0wLpego\n2rrjajsanvAOoLa6ew6/F0tNGwnVtwecA39HIgZcqQ8ltoa3/IImUq/mhsCAvjjE\n/w9xKaqUaQzB1EcbwONoMHWSEBeDWa4fAmrTZp0+FbqZyolNQhfLzkx0QLPF877J\nxf32awASBnJLTa3sSg0hIIVaFLA2IF5oxjz0M0Wg2rlJAlrpzpj1KM4yRA02PNUZ\n0gIFK/X082G0aBszrPSvVI9Sfc7/zVyyW4s7sS3P3qAReEd/nlJ2Xv1/sONLwRhg\n1vTGWg2OBJ7gNs+a7UNztLgTVDZtZIiM4WUVt5CUILct+0M9KBCA8MLhqpM1ObyS\nYyROESwzDJABAAAAgE+i3v5ghXJc9kJefb9BeCVRArRqSbx+Pef60YlxXY1qyb8l\njXgh4XQzoUxwn3s76qvI+lRYm+IB+M0nCHhJgCZ2JR8GjYqlbopNaqo0YhRpDpZS\nETc54m9bclqOGxlXaeuF2muM/SPjG8UFUH4aGfmE5XCV8lDTKSy/Azu7digIAAAA\ngQDvliXQO8ctRPkOVUiypbgxg2Eqa7po4sCC5HxklPuIgShumSIu440jpF6Wdg8v\nutOMY8gI+7ofynb/RNa5QtR8VBM0XZmjVObhqc0L82xKLgiF6KVa4y5w49LPUqFN\nPw/oHiWHQNQeLJ85lABlvR+ZPrUFjrwlNjTiDVzmBolSWQAAAIEA3LqaRiZng6hB\nOa9oNIXzHwcIWiZ5f59nGnn7XQ0dUxtEt69kxo38jbOBk2lLFlXdy4i+S0JKUi9H\nQ45LGa9VkfdnOy4iWdx+7pWuOS/cLyP/35jrsfvPhnjRSxyYGYGjE5NfkIJhGwt3\nvioWuF9z5GGDHUSkmQ2yyGiZzLAiYZEAAAAAAQID\n-----END OPENSSH PRIVATE KEY-----\n",
            "private_key_pem": "-----BEGIN RSA PRIVATE KEY-----\nMIIEpAIBAAKCAQEAzpOr+GZpXsHAbD2uOLUNs1ZAD50ymXiPqfkbM/MeTTICpZmc\n/xKOB3CoS9Ks9gLeREBJdeT+On95SJMqHux4kgsrExfP5/Cuybskaz/gFuwGhr+N\n1jRnjTvvWM833UpkP8r/hB1q37WbuyFsFh6hoyF5eDWj9KbrvBFNzP6PJMEkzRa6\ngpIrMZLytqrYlC4gyk1nIpXhm/OaJU2Bf3MasMamgh1rSpybe5AnYghV8f7kSBpe\nCbXu7CfTeNGFIsPKc3dwF7t0+1A7HikrBRTJc3CQnQA3qHcqOgzEUTCn2VQDd2m4\nD+kRLNVPlCYKu3RnXxn8VIqhK3XYnN2J281daQIDAQABAoIBACpDTAul6CjauuNq\nOxqe8A6gtrp7Dr8XS00bCdW3B5wDf0ciBlypDyW2hrf8giZSr+aGwIC+OMT/D3Ep\nqpRpDMHURxvA42gwdZIQF4NZrh8CatNmnT4VupnKiU1CF8vOTHRAs8XzvsnF/fZr\nABIGcktNrexKDSEghVoUsDYgXmjGPPQzRaDauUkCWunOmPUozjJEDTY81RnSAgUr\n9fTzYbRoGzOs9K9Uj1J9zv/NXLJbizuxLc/eoBF4R3+eUnZe/X+w40vBGGDW9MZa\nDY4EnuA2z5rtQ3O0uBNUNm1kiIzhZRW3kJQgty37Qz0oEIDwwuGqkzU5vJJjJE4R\nLDMMkAECgYEA75Yl0DvHLUT5DlVIsqW4MYNhKmu6aOLAguR8ZJT7iIEobpkiLuON\nI6RelnYPL7rTjGPICPu6H8p2/0TWuULUfFQTNF2Zo1Tm4anNC/NsSi4IheilWuMu\ncOPSz1KhTT8P6B4lh0DUHiyfOZQAZb0fmT61BY68JTY04g1c5gaJUlkCgYEA3Lqa\nRiZng6hBOa9oNIXzHwcIWiZ5f59nGnn7XQ0dUxtEt69kxo38jbOBk2lLFlXdy4i+\nS0JKUi9HQ45LGa9VkfdnOy4iWdx+7pWuOS/cLyP/35jrsfvPhnjRSxyYGYGjE5Nf\nkIJhGwt3vioWuF9z5GGDHUSkmQ2yyGiZzLAiYZECgYEAt7vq5cViGtphMVe/95jV\nJ8t8MX8KJrN2NSsqJiyGtYlvS1nOeCzzqRi9nR+Ox+i7oVdIKXN6qjSni13sWYjh\n0TLcw3TghPxwTzDb2cVlD4I78Q2X+ZptnA9rNKlGoCmzdivgVdgmk7leplZU87DU\n0b3gLxHmQZdPeOgMjS8IEokCgYEA2X7hv1feTgO/6ZhmhMKskpk6aKJavB+U16j0\nv3bJu3c2Gg0wrtl/zxzfBCMPgv2vI/wlDkFOvHarsOyIIdH77m2rAcxuur8jL/K7\njswTGTxOx8OGE4X9shJgoLOXSCLOTt67nshp6N0+61nLs3cS2iofqPpXehzeWs1/\nJwszhZECgYBPot7+YIVyXPZCXn2/QXglUQK0akm8fj3n+tGJcV2Nasm/JY14IeF0\nM6FMcJ97O+qryPpUWJviAfjNJwh4SYAmdiUfBo2KpW6KTWqqNGIUaQ6WUhE3OeJv\nW3JajhsZV2nrhdprjP0j4xvFBVB+Ghn5hOVwlfJQ0yksvwM7u3YoCA==\n-----END RSA PRIVATE KEY-----\n",
            "private_key_pem_pkcs8": "-----BEGIN PRIVATE KEY-----\nMIIEvgIBADANBgkqhkiG9w0BAQEFAASCBKgwggSkAgEAAoIBAQDOk6v4ZmlewcBs\nPa44tQ2zVkAPnTKZeI+p+Rsz8x5NMgKlmZz/Eo4HcKhL0qz2At5EQEl15P46f3lI\nkyoe7HiSCysTF8/n8K7JuyRrP+AW7AaGv43WNGeNO+9YzzfdSmQ/yv+EHWrftZu7\nIWwWHqGjIXl4NaP0puu8EU3M/o8kwSTNFrqCkisxkvK2qtiULiDKTWcileGb85ol\nTYF/cxqwxqaCHWtKnJt7kCdiCFXx/uRIGl4Jte7sJ9N40YUiw8pzd3AXu3T7UDse\nKSsFFMlzcJCdADeodyo6DMRRMKfZVAN3abgP6REs1U+UJgq7dGdfGfxUiqErddic\n3YnbzV1pAgMBAAECggEAKkNMC6XoKNq642o7Gp7wDqC2unsOvxdLTRsJ1bcHnAN/\nRyIGXKkPJbaGt/yCJlKv5obAgL44xP8PcSmqlGkMwdRHG8DjaDB1khAXg1muHwJq\n02adPhW6mcqJTUIXy85MdECzxfO+ycX99msAEgZyS02t7EoNISCFWhSwNiBeaMY8\n9DNFoNq5SQJa6c6Y9SjOMkQNNjzVGdICBSv19PNhtGgbM6z0r1SPUn3O/81csluL\nO7Etz96gEXhHf55Sdl79f7DjS8EYYNb0xloNjgSe4DbPmu1Dc7S4E1Q2bWSIjOFl\nFbeQlCC3LftDPSgQgPDC4aqTNTm8kmMkThEsMwyQAQKBgQDvliXQO8ctRPkOVUiy\npbgxg2Eqa7po4sCC5HxklPuIgShumSIu440jpF6Wdg8vutOMY8gI+7ofynb/RNa5\nQtR8VBM0XZmjVObhqc0L82xKLgiF6KVa4y5w49LPUqFNPw/oHiWHQNQeLJ85lABl\nvR+ZPrUFjrwlNjTiDVzmBolSWQKBgQDcuppGJmeDqEE5r2g0hfMfBwhaJnl/n2ca\neftdDR1TG0S3r2TGjfyNs4GTaUsWVd3LiL5LQkpSL0dDjksZr1WR92c7LiJZ3H7u\nla45L9wvI//fmOux+8+GeNFLHJgZgaMTk1+QgmEbC3e+Kha4X3PkYYMdRKSZDbLI\naJnMsCJhkQKBgQC3u+rlxWIa2mExV7/3mNUny3wxfwoms3Y1KyomLIa1iW9LWc54\nLPOpGL2dH47H6LuhV0gpc3qqNKeLXexZiOHRMtzDdOCE/HBPMNvZxWUPgjvxDZf5\nmm2cD2s0qUagKbN2K+BV2CaTuV6mVlTzsNTRveAvEeZBl0946AyNLwgSiQKBgQDZ\nfuG/V95OA7/pmGaEwqySmTpoolq8H5TXqPS/dsm7dzYaDTCu2X/PHN8EIw+C/a8j\n/CUOQU68dquw7Igh0fvubasBzG66vyMv8ruOzBMZPE7Hw4YThf2yEmCgs5dIIs5O\n3rueyGno3T7rWcuzdxLaKh+o+ld6HN5azX8nCzOFkQKBgE+i3v5ghXJc9kJefb9B\neCVRArRqSbx+Pef60YlxXY1qyb8ljXgh4XQzoUxwn3s76qvI+lRYm+IB+M0nCHhJ\ngCZ2JR8GjYqlbopNaqo0YhRpDpZSETc54m9bclqOGxlXaeuF2muM/SPjG8UFUH4a\nGfmE5XCV8lDTKSy/Azu7digI\n-----END PRIVATE KEY-----\n",
            "public_key_fingerprint_md5": "f7:62:59:a3:47:3d:e3:14:55:2d:37:62:7d:65:90:11",
            "public_key_fingerprint_sha256": "SHA256:KqRKOvgiRO0vlr1jcPCLZF37utXkQUzUFnp+uQfuKKk",
            "public_key_openssh": "ssh-rsa AAAAB3NzaC1yc2EAAAADAQABAAABAQDOk6v4ZmlewcBsPa44tQ2zVkAPnTKZeI+p+Rsz8x5NMgKlmZz/Eo4HcKhL0qz2At5EQEl15P46f3lIkyoe7HiSCysTF8/n8K7JuyRrP+AW7AaGv43WNGeNO+9YzzfdSmQ/yv+EHWrftZu7IWwWHqGjIXl4NaP0puu8EU3M/o8kwSTNFrqCkisxkvK2qtiULiDKTWcileGb85olTYF/cxqwxqaCHWtKnJt7kCdiCFXx/uRIGl4Jte7sJ9N40YUiw8pzd3AXu3T7UDseKSsFFMlzcJCdADeodyo6DMRRMKfZVAN3abgP6REs1U+UJgq7dGdfGfxUiqErddic3YnbzV1p\n",
            "public_key_pem": "-----BEGIN PUBLIC KEY-----\nMIIBIjANBgkqhkiG9w0BAQEFAAOCAQ8AMIIBCgKCAQEAzpOr+GZpXsHAbD2uOLUN\ns1ZAD50ymXiPqfkbM/MeTTICpZmc/xKOB3CoS9Ks9gLeREBJdeT+On95SJMqHux4\nkgsrExfP5/Cuybskaz/gFuwGhr+N1jRnjTvvWM833UpkP8r/hB1q37WbuyFsFh6h\noyF5eDWj9KbrvBFNzP6PJMEkzRa6gpIrMZLytqrYlC4gyk1nIpXhm/OaJU2Bf3Ma\nsMamgh1rSpybe5AnYghV8f7kSBpeCbXu7CfTeNGFIsPKc3dwF7t0+1A7HikrBRTJ\nc3CQnQA3qHcqOgzEUTCn2VQDd2m4D+kRLNVPlCYKu3RnXxn8VIqhK3XYnN2J281d\naQIDAQAB\n-----END PUBLIC KEY-----\n",
            "rsa_bits": 2048
          },
          "sensitive_attributes": [
            [
              {
                "type": "get_attr",
                "value": "private_key_openssh"
              }
            ],
            [
              {
                "type": "get_attr",
                "value": "private_key_pem_pkcs8"
              }
            ],
            [
              {
                "type": "get_attr",
                "value": "private_key_pem"
              }
            ]
          ]
        }
      ]
    }
  ],
  "check_results": null
}
